
Microsoft Visual Studio Solution File, Format Version 12.00
# Visual Studio 2013
VisualStudioVersion = 12.0.21005.1
MinimumVisualStudioVersion = 10.0.40219.1
Project("{FAE04EC0-301F-11D3-BF4B-00C04F79EFBC}") = "ResDB", "ResDB\ResDB.csproj", "{8925D050-2FFA-45E0-A758-739377BFE9B6}"
EndProject
Project("{FAE04EC0-301F-11D3-BF4B-00C04F79EFBC}") = "HickoryIT.Core", "HickoryIT.Core\HickoryIT.Core.csproj", "{2B697475-C1E0-49DE-BF12-93B77F476A79}"
EndProject
Project("{FAE04EC0-301F-11D3-BF4B-00C04F79EFBC}") = "HickoryIT.Shared", "HickoryIT.Shared\HickoryIT.Shared.csproj", "{8DC47403-3F47-4A50-A66C-599DDFDA7FAB}"
EndProject
Project("{2150E333-8FDC-42A3-9474-1A3956D46DE8}") = "Projects", "Projects", "{80C0A8CA-C0B9-4FCE-AD79-169D76794345}"
EndProject
Project("{2150E333-8FDC-42A3-9474-1A3956D46DE8}") = "Tests", "Tests", "{E5DEAACA-6C9B-48AB-A061-FB1D26380E59}"
EndProject
Project("{2150E333-8FDC-42A3-9474-1A3956D46DE8}") = "Products", "Products", "{288AA878-8183-4453-9158-33C45D2C0979}"
EndProject
Global
	GlobalSection(SolutionConfigurationPlatforms) = preSolution
		Debug|Any CPU = Debug|Any CPU
		Release|Any CPU = Release|Any CPU
	EndGlobalSection
	GlobalSection(ProjectConfigurationPlatforms) = postSolution
		{8925D050-2FFA-45E0-A758-739377BFE9B6}.Debug|Any CPU.ActiveCfg = Debug|Any CPU
		{8925D050-2FFA-45E0-A758-739377BFE9B6}.Debug|Any CPU.Build.0 = Debug|Any CPU
		{8925D050-2FFA-45E0-A758-739377BFE9B6}.Release|Any CPU.ActiveCfg = Release|Any CPU
		{8925D050-2FFA-45E0-A758-739377BFE9B6}.Release|Any CPU.Build.0 = Release|Any CPU
		{2B697475-C1E0-49DE-BF12-93B77F476A79}.Debug|Any CPU.ActiveCfg = Debug|Any CPU
		{2B697475-C1E0-49DE-BF12-93B77F476A79}.Debug|Any CPU.Build.0 = Debug|Any CPU
		{2B697475-C1E0-49DE-BF12-93B77F476A79}.Release|Any CPU.ActiveCfg = Release|Any CPU
		{2B697475-C1E0-49DE-BF12-93B77F476A79}.Release|Any CPU.Build.0 = Release|Any CPU
		{8DC47403-3F47-4A50-A66C-599DDFDA7FAB}.Debug|Any CPU.ActiveCfg = Debug|Any CPU
		{8DC47403-3F47-4A50-A66C-599DDFDA7FAB}.Debug|Any CPU.Build.0 = Debug|Any CPU
		{8DC47403-3F47-4A50-A66C-599DDFDA7FAB}.Release|Any CPU.ActiveCfg = Release|Any CPU
		{8DC47403-3F47-4A50-A66C-599DDFDA7FAB}.Release|Any CPU.Build.0 = Release|Any CPU
	EndGlobalSection
	GlobalSection(SolutionProperties) = preSolution
		HideSolutionNode = FALSE
	EndGlobalSection
	GlobalSection(NestedProjects) = preSolution
		{2B697475-C1E0-49DE-BF12-93B77F476A79} = {80C0A8CA-C0B9-4FCE-AD79-169D76794345}
		{8DC47403-3F47-4A50-A66C-599DDFDA7FAB} = {80C0A8CA-C0B9-4FCE-AD79-169D76794345}
		{288AA878-8183-4453-9158-33C45D2C0979} = {80C0A8CA-C0B9-4FCE-AD79-169D76794345}
		{8925D050-2FFA-45E0-A758-739377BFE9B6} = {288AA878-8183-4453-9158-33C45D2C0979}
	EndGlobalSection
EndGlobal
